
Microsoft Visual Studio Solution File, Format Version 12.00
# Visual Studio Version 16
VisualStudioVersion = 16.0.31410.357
MinimumVisualStudioVersion = 10.0.40219.1
Project("{9092AA53-FB77-4645-B42D-1CCCA6BD08BD}") = "LoginWeb", "LoginWeb.njsproj", "{08CF9C39-4315-404B-9E78-BC2C662B357D}"
EndProject
Global
	GlobalSection(SolutionConfigurationPlatforms) = preSolution
		Debug|Any CPU = Debug|Any CPU
		Release|Any CPU = Release|Any CPU
	EndGlobalSection
	GlobalSection(ProjectConfigurationPlatforms) = postSolution
		{08CF9C39-4315-404B-9E78-BC2C662B357D}.Debug|Any CPU.ActiveCfg = Debug|Any CPU
		{08CF9C39-4315-404B-9E78-BC2C662B357D}.Debug|Any CPU.Build.0 = Debug|Any CPU
		{08CF9C39-4315-404B-9E78-BC2C662B357D}.Release|Any CPU.ActiveCfg = Release|Any CPU
		{08CF9C39-4315-404B-9E78-BC2C662B357D}.Release|Any CPU.Build.0 = Release|Any CPU
	EndGlobalSection
	GlobalSection(SolutionProperties) = preSolution
		HideSolutionNode = FALSE
	EndGlobalSection
	GlobalSection(ExtensibilityGlobals) = postSolution
		SolutionGuid = {F0A431FD-B942-482F-BC8E-B4A059A2CE18}
	EndGlobalSection
EndGlobal
